{
    "_meta": {
        "hash": {
            "sha256": "5081ee988c172ee489efd8e40616220677a93cfe352df23064e3d6a507a5530f"
        },
        "requires": {},
        "sources": [
            {
                "url": "https://pypi.python.org/simple",
                "verify_ssl": true
            }
        ]
    },
    "default": {
        "kazoo": {
            "version": "==2.4.0"
        },
        "six": {
            "version": "==1.10.0"
        }
    },
    "develop": {}
}
